// !$*UTF8*$!
{
	archiveVersion = 1;
	classes = {
	};
	objectVersion = 46;
	objects = {

/* Begin PBXBuildFile section */
		F62C121E14551DB200749EDA /* HesperianMobile.m in Sources */ = {isa = PBXBuildFile; fileRef = F62C121D14551DB200749EDA /* HesperianMobile.m */; };
		F62C122014551F0200749EDA /* www in Resources */ = {isa = PBXBuildFile; fileRef = F62C121F14551F0200749EDA /* www */; };
		F67EEFD41455164B000355B5 /* Foundation.framework in Frameworks */ = {isa = PBXBuildFile; fileRef = F67EEFD31455164B000355B5 /* Foundation.framework */; };
		F67EEFD61455164B000355B5 /* UIKit.framework in Frameworks */ = {isa = PBXBuildFile; fileRef = F67EEFD51455164B000355B5 /* UIKit.framework */; settings = {ATTRIBUTES = (Weak, ); }; };
		F67EEFD81455164B000355B5 /* CoreGraphics.framework in Frameworks */ = {isa = PBXBuildFile; fileRef = F67EEFD71455164B000355B5 /* CoreGraphics.framework */; };
		F67EEFDA1455164B000355B5 /* AddressBook.framework in Frameworks */ = {isa = PBXBuildFile; fileRef = F67EEFD91455164B000355B5 /* AddressBook.framework */; };
		F67EEFDC1455164B000355B5 /* AddressBookUI.framework in Frameworks */ = {isa = PBXBuildFile; fileRef = F67EEFDB1455164B000355B5 /* AddressBookUI.framework */; };
		F67EEFDE1455164B000355B5 /* AudioToolbox.framework in Frameworks */ = {isa = PBXBuildFile; fileRef = F67EEFDD1455164B000355B5 /* AudioToolbox.framework */; };
		F67EEFE01455164B000355B5 /* AVFoundation.framework in Frameworks */ = {isa = PBXBuildFile; fileRef = F67EEFDF1455164B000355B5 /* AVFoundation.framework */; settings = {ATTRIBUTES = (Weak, ); }; };
		F67EEFE21455164B000355B5 /* CoreLocation.framework in Frameworks */ = {isa = PBXBuildFile; fileRef = F67EEFE11455164B000355B5 /* CoreLocation.framework */; };
		F67EEFE41455164B000355B5 /* MediaPlayer.framework in Frameworks */ = {isa = PBXBuildFile; fileRef = F67EEFE31455164B000355B5 /* MediaPlayer.framework */; };
		F67EEFE61455164B000355B5 /* QuartzCore.framework in Frameworks */ = {isa = PBXBuildFile; fileRef = F67EEFE51455164B000355B5 /* QuartzCore.framework */; };
		F67EEFE81455164B000355B5 /* SystemConfiguration.framework in Frameworks */ = {isa = PBXBuildFile; fileRef = F67EEFE71455164B000355B5 /* SystemConfiguration.framework */; };
		F67EEFEA1455164B000355B5 /* MobileCoreServices.framework in Frameworks */ = {isa = PBXBuildFile; fileRef = F67EEFE91455164B000355B5 /* MobileCoreServices.framework */; };
		F67EEFEC1455164B000355B5 /* CoreMedia.framework in Frameworks */ = {isa = PBXBuildFile; fileRef = F67EEFEB1455164B000355B5 /* CoreMedia.framework */; settings = {ATTRIBUTES = (Weak, ); }; };
		F67EEFF21455164B000355B5 /* InfoPlist.strings in Resources */ = {isa = PBXBuildFile; fileRef = F67EEFF01455164B000355B5 /* InfoPlist.strings */; };
		F67EEFF41455164B000355B5 /* main.m in Sources */ = {isa = PBXBuildFile; fileRef = F67EEFF31455164B000355B5 /* main.m */; };
		F67EEFF71455164B000355B5 /* PhoneGap.framework in Frameworks */ = {isa = PBXBuildFile; fileRef = F67EEFF61455164B000355B5 /* PhoneGap.framework */; };
		F67EEFFC1455164B000355B5 /* Localizable.strings in Resources */ = {isa = PBXBuildFile; fileRef = F67EEFFA1455164B000355B5 /* Localizable.strings */; };
		F67EF0001455164B000355B5 /* Localizable.strings in Resources */ = {isa = PBXBuildFile; fileRef = F67EEFFE1455164B000355B5 /* Localizable.strings */; };
		F67EF0031455164B000355B5 /* icon.png in Resources */ = {isa = PBXBuildFile; fileRef = F67EF0021455164B000355B5 /* icon.png */; };
		F67EF0051455164B000355B5 /* icon@2x.png in Resources */ = {isa = PBXBuildFile; fileRef = F67EF0041455164B000355B5 /* icon@2x.png */; };
		F67EF0071455164B000355B5 /* icon-72.png in Resources */ = {isa = PBXBuildFile; fileRef = F67EF0061455164B000355B5 /* icon-72.png */; };
		F67EF00A1455164B000355B5 /* Default.png in Resources */ = {isa = PBXBuildFile; fileRef = F67EF0091455164B000355B5 /* Default.png */; };
		F67EF00C1455164B000355B5 /* Default@2x.png in Resources */ = {isa = PBXBuildFile; fileRef = F67EF00B1455164B000355B5 /* Default@2x.png */; };
		F67EF00E1455164C000355B5 /* Capture.bundle in Resources */ = {isa = PBXBuildFile; fileRef = F67EF00D1455164C000355B5 /* Capture.bundle */; };
		F67EF0101455164C000355B5 /* PhoneGap.plist in Resources */ = {isa = PBXBuildFile; fileRef = F67EF00F1455164C000355B5 /* PhoneGap.plist */; };
		F67EF0141455164C000355B5 /* AppDelegate.m in Sources */ = {isa = PBXBuildFile; fileRef = F67EF0131455164C000355B5 /* AppDelegate.m */; };
/* End PBXBuildFile section */

/* Begin PBXFileReference section */
		F62C121C14551DB200749EDA /* HesperianMobile.h */ = {isa = PBXFileReference; fileEncoding = 4; lastKnownFileType = sourcecode.c.h; name = HesperianMobile.h; path = Plugins/HesperianMobile.h; sourceTree = "<group>"; };
		F62C121D14551DB200749EDA /* HesperianMobile.m */ = {isa = PBXFileReference; fileEncoding = 4; lastKnownFileType = sourcecode.c.objc; name = HesperianMobile.m; path = Plugins/HesperianMobile.m; sourceTree = "<group>"; };
		F62C121F14551F0200749EDA /* www */ = {isa = PBXFileReference; lastKnownFileType = folder; path = www; sourceTree = SOURCE_ROOT; };
		F673083A1472E0F800D8AAE8 /* Safe-Pregnancy-and-Birth.entitlements */ = {isa = PBXFileReference; lastKnownFileType = text.xml; path = "Safe-Pregnancy-and-Birth.entitlements"; sourceTree = "<group>"; };
		F67EEFCF1455164B000355B5 /* Safe-Pregnancy-and-Birth.app */ = {isa = PBXFileReference; explicitFileType = wrapper.application; includeInIndex = 0; path = "Safe-Pregnancy-and-Birth.app"; sourceTree = BUILT_PRODUCTS_DIR; };
		F67EEFD31455164B000355B5 /* Foundation.framework */ = {isa = PBXFileReference; lastKnownFileType = wrapper.framework; name = Foundation.framework; path = System/Library/Frameworks/Foundation.framework; sourceTree = SDKROOT; };
		F67EEFD51455164B000355B5 /* UIKit.framework */ = {isa = PBXFileReference; lastKnownFileType = wrapper.framework; name = UIKit.framework; path = System/Library/Frameworks/UIKit.framework; sourceTree = SDKROOT; };
		F67EEFD71455164B000355B5 /* CoreGraphics.framework */ = {isa = PBXFileReference; lastKnownFileType = wrapper.framework; name = CoreGraphics.framework; path = System/Library/Frameworks/CoreGraphics.framework; sourceTree = SDKROOT; };
		F67EEFD91455164B000355B5 /* AddressBook.framework */ = {isa = PBXFileReference; lastKnownFileType = wrapper.framework; name = AddressBook.framework; path = System/Library/Frameworks/AddressBook.framework; sourceTree = SDKROOT; };
		F67EEFDB1455164B000355B5 /* AddressBookUI.framework */ = {isa = PBXFileReference; lastKnownFileType = wrapper.framework; name = AddressBookUI.framework; path = System/Library/Frameworks/AddressBookUI.framework; sourceTree = SDKROOT; };
		F67EEFDD1455164B000355B5 /* AudioToolbox.framework */ = {isa = PBXFileReference; lastKnownFileType = wrapper.framework; name = AudioToolbox.framework; path = System/Library/Frameworks/AudioToolbox.framework; sourceTree = SDKROOT; };
		F67EEFDF1455164B000355B5 /* AVFoundation.framework */ = {isa = PBXFileReference; lastKnownFileType = wrapper.framework; name = AVFoundation.framework; path = System/Library/Frameworks/AVFoundation.framework; sourceTree = SDKROOT; };
		F67EEFE11455164B000355B5 /* CoreLocation.framework */ = {isa = PBXFileReference; lastKnownFileType = wrapper.framework; name = CoreLocation.framework; path = System/Library/Frameworks/CoreLocation.framework; sourceTree = SDKROOT; };
		F67EEFE31455164B000355B5 /* MediaPlayer.framework */ = {isa = PBXFileReference; lastKnownFileType = wrapper.framework; name = MediaPlayer.framework; path = System/Library/Frameworks/MediaPlayer.framework; sourceTree = SDKROOT; };
		F67EEFE51455164B000355B5 /* QuartzCore.framework */ = {isa = PBXFileReference; lastKnownFileType = wrapper.framework; name = QuartzCore.framework; path = System/Library/Frameworks/QuartzCore.framework; sourceTree = SDKROOT; };
		F67EEFE71455164B000355B5 /* SystemConfiguration.framework */ = {isa = PBXFileReference; lastKnownFileType = wrapper.framework; name = SystemConfiguration.framework; path = System/Library/Frameworks/SystemConfiguration.framework; sourceTree = SDKROOT; };
		F67EEFE91455164B000355B5 /* MobileCoreServices.framework */ = {isa = PBXFileReference; lastKnownFileType = wrapper.framework; name = MobileCoreServices.framework; path = System/Library/Frameworks/MobileCoreServices.framework; sourceTree = SDKROOT; };
		F67EEFEB1455164B000355B5 /* CoreMedia.framework */ = {isa = PBXFileReference; lastKnownFileType = wrapper.framework; name = CoreMedia.framework; path = System/Library/Frameworks/CoreMedia.framework; sourceTree = SDKROOT; };
		F67EEFEF1455164B000355B5 /* Safe-Pregnancy-and-Birth-Info.plist */ = {isa = PBXFileReference; lastKnownFileType = text.plist.xml; path = "Safe-Pregnancy-and-Birth-Info.plist"; sourceTree = "<group>"; };
		F67EEFF11455164B000355B5 /* en */ = {isa = PBXFileReference; lastKnownFileType = text.plist.strings; name = en; path = en.lproj/InfoPlist.strings; sourceTree = "<group>"; };
		F67EEFF31455164B000355B5 /* main.m */ = {isa = PBXFileReference; lastKnownFileType = sourcecode.c.objc; path = main.m; sourceTree = "<group>"; };
		F67EEFF51455164B000355B5 /* Safe-Pregnancy-and-Birth-Prefix.pch */ = {isa = PBXFileReference; lastKnownFileType = sourcecode.c.h; path = "Safe-Pregnancy-and-Birth-Prefix.pch"; sourceTree = "<group>"; };
		F67EEFF61455164B000355B5 /* PhoneGap.framework */ = {isa = PBXFileReference; lastKnownFileType = wrapper.framework; name = PhoneGap.framework; path = /Users/Shared/PhoneGap/Frameworks/PhoneGap.framework; sourceTree = "<absolute>"; };
		F67EEFFB1455164B000355B5 /* en */ = {isa = PBXFileReference; lastKnownFileType = text.plist.strings; name = en; path = Resources/en.lproj/Localizable.strings; sourceTree = "<group>"; };
		F67EEFFF1455164B000355B5 /* es */ = {isa = PBXFileReference; lastKnownFileType = text.plist.strings; name = es; path = Resources/es.lproj/Localizable.strings; sourceTree = "<group>"; };
		F67EF0021455164B000355B5 /* icon.png */ = {isa = PBXFileReference; lastKnownFileType = image.png; name = icon.png; path = Resources/icons/icon.png; sourceTree = "<group>"; };
		F67EF0041455164B000355B5 /* icon@2x.png */ = {isa = PBXFileReference; lastKnownFileType = image.png; name = "icon@2x.png"; path = "Resources/icons/icon@2x.png"; sourceTree = "<group>"; };
		F67EF0061455164B000355B5 /* icon-72.png */ = {isa = PBXFileReference; lastKnownFileType = image.png; name = "icon-72.png"; path = "Resources/icons/icon-72.png"; sourceTree = "<group>"; };
		F67EF0091455164B000355B5 /* Default.png */ = {isa = PBXFileReference; lastKnownFileType = image.png; name = Default.png; path = Resources/splash/Default.png; sourceTree = "<group>"; };
		F67EF00B1455164B000355B5 /* Default@2x.png */ = {isa = PBXFileReference; lastKnownFileType = image.png; name = "Default@2x.png"; path = "Resources/splash/Default@2x.png"; sourceTree = "<group>"; };
		F67EF00D1455164C000355B5 /* Capture.bundle */ = {isa = PBXFileReference; lastKnownFileType = "wrapper.plug-in"; name = Capture.bundle; path = Resources/Capture.bundle; sourceTree = "<group>"; };
		F67EF00F1455164C000355B5 /* PhoneGap.plist */ = {isa = PBXFileReference; lastKnownFileType = text.plist.xml; path = PhoneGap.plist; sourceTree = "<group>"; };
		F67EF0121455164C000355B5 /* AppDelegate.h */ = {isa = PBXFileReference; lastKnownFileType = sourcecode.c.h; name = AppDelegate.h; path = Classes/AppDelegate.h; sourceTree = "<group>"; };
		F67EF0131455164C000355B5 /* AppDelegate.m */ = {isa = PBXFileReference; lastKnownFileType = sourcecode.c.objc; name = AppDelegate.m; path = Classes/AppDelegate.m; sourceTree = "<group>"; };
		F67EF0161455164C000355B5 /* README */ = {isa = PBXFileReference; lastKnownFileType = text; name = README; path = Plugins/README; sourceTree = "<group>"; };
/* End PBXFileReference section */

/* Begin PBXFrameworksBuildPhase section */
		F67EEFC91455164B000355B5 /* Frameworks */ = {
			isa = PBXFrameworksBuildPhase;
			buildActionMask = 2147483647;
			files = (
				F67EEFD41455164B000355B5 /* Foundation.framework in Frameworks */,
				F67EEFD61455164B000355B5 /* UIKit.framework in Frameworks */,
				F67EEFD81455164B000355B5 /* CoreGraphics.framework in Frameworks */,
				F67EEFDA1455164B000355B5 /* AddressBook.framework in Frameworks */,
				F67EEFDC1455164B000355B5 /* AddressBookUI.framework in Frameworks */,
				F67EEFDE1455164B000355B5 /* AudioToolbox.framework in Frameworks */,
				F67EEFE01455164B000355B5 /* AVFoundation.framework in Frameworks */,
				F67EEFE21455164B000355B5 /* CoreLocation.framework in Frameworks */,
				F67EEFE41455164B000355B5 /* MediaPlayer.framework in Frameworks */,
				F67EEFE61455164B000355B5 /* QuartzCore.framework in Frameworks */,
				F67EEFE81455164B000355B5 /* SystemConfiguration.framework in Frameworks */,
				F67EEFEA1455164B000355B5 /* MobileCoreServices.framework in Frameworks */,
				F67EEFEC1455164B000355B5 /* CoreMedia.framework in Frameworks */,
				F67EEFF71455164B000355B5 /* PhoneGap.framework in Frameworks */,
			);
			runOnlyForDeploymentPostprocessing = 0;
		};
		F67EEFCC1455164B000355B5 /* Frameworks */ = {
			isa = PBXFrameworksBuildPhase;
			buildActionMask = 2147483647;
			files = (
			);
			runOnlyForDeploymentPostprocessing = 0;
		};
/* End PBXFrameworksBuildPhase section */

/* Begin PBXGroup section */
		F67EEFC11455164B000355B5 = {
			isa = PBXGroup;
			children = (
				F67EEFED1455164B000355B5 /* Safe-Pregnancy-and-Birth */,
				F67EEFD21455164B000355B5 /* Frameworks */,
				F67EEFD01455164B000355B5 /* Products */,
			);
			sourceTree = "<group>";
		};
		F67EEFD01455164B000355B5 /* Products */ = {
			isa = PBXGroup;
			children = (
				F67EEFCF1455164B000355B5 /* Safe-Pregnancy-and-Birth.app */,
			);
			name = Products;
			sourceTree = "<group>";
		};
		F67EEFD21455164B000355B5 /* Frameworks */ = {
			isa = PBXGroup;
			children = (
				F67EEFD31455164B000355B5 /* Foundation.framework */,
				F67EEFD51455164B000355B5 /* UIKit.framework */,
				F67EEFD71455164B000355B5 /* CoreGraphics.framework */,
				F67EEFD91455164B000355B5 /* AddressBook.framework */,
				F67EEFDB1455164B000355B5 /* AddressBookUI.framework */,
				F67EEFDD1455164B000355B5 /* AudioToolbox.framework */,
				F67EEFDF1455164B000355B5 /* AVFoundation.framework */,
				F67EEFE11455164B000355B5 /* CoreLocation.framework */,
				F67EEFE31455164B000355B5 /* MediaPlayer.framework */,
				F67EEFE51455164B000355B5 /* QuartzCore.framework */,
				F67EEFE71455164B000355B5 /* SystemConfiguration.framework */,
				F67EEFE91455164B000355B5 /* MobileCoreServices.framework */,
				F67EEFEB1455164B000355B5 /* CoreMedia.framework */,
			);
			name = Frameworks;
			sourceTree = "<group>";
		};
		F67EEFED1455164B000355B5 /* Safe-Pregnancy-and-Birth */ = {
			isa = PBXGroup;
			children = (
				F673083A1472E0F800D8AAE8 /* Safe-Pregnancy-and-Birth.entitlements */,
				F62C121F14551F0200749EDA /* www */,
				F67EEFF61455164B000355B5 /* PhoneGap.framework */,
				F67EEFF81455164B000355B5 /* Resources */,
				F67EF0111455164C000355B5 /* Classes */,
				F67EF0151455164C000355B5 /* Plugins */,
				F67EEFEE1455164B000355B5 /* Supporting Files */,
			);
			path = "Safe-Pregnancy-and-Birth";
			sourceTree = "<group>";
		};
		F67EEFEE1455164B000355B5 /* Supporting Files */ = {
			isa = PBXGroup;
			children = (
				F67EEFEF1455164B000355B5 /* Safe-Pregnancy-and-Birth-Info.plist */,
				F67EEFF01455164B000355B5 /* InfoPlist.strings */,
				F67EEFF31455164B000355B5 /* main.m */,
				F67EEFF51455164B000355B5 /* Safe-Pregnancy-and-Birth-Prefix.pch */,
				F67EF00F1455164C000355B5 /* PhoneGap.plist */,
			);
			name = "Supporting Files";
			sourceTree = "<group>";
		};
		F67EEFF81455164B000355B5 /* Resources */ = {
			isa = PBXGroup;
			children = (
				F67EF00D1455164C000355B5 /* Capture.bundle */,
				F67EEFF91455164B000355B5 /* en.lproj */,
				F67EEFFD1455164B000355B5 /* es.lproj */,
				F67EF0011455164B000355B5 /* icons */,
				F67EF0081455164B000355B5 /* splash */,
			);
			name = Resources;
			sourceTree = "<group>";
		};
		F67EEFF91455164B000355B5 /* en.lproj */ = {
			isa = PBXGroup;
			children = (
				F67EEFFA1455164B000355B5 /* Localizable.strings */,
			);
			name = en.lproj;
			sourceTree = "<group>";
		};
		F67EEFFD1455164B000355B5 /* es.lproj */ = {
			isa = PBXGroup;
			children = (
				F67EEFFE1455164B000355B5 /* Localizable.strings */,
			);
			name = es.lproj;
			sourceTree = "<group>";
		};
		F67EF0011455164B000355B5 /* icons */ = {
			isa = PBXGroup;
			children = (
				F67EF0021455164B000355B5 /* icon.png */,
				F67EF0041455164B000355B5 /* icon@2x.png */,
				F67EF0061455164B000355B5 /* icon-72.png */,
			);
			name = icons;
			sourceTree = "<group>";
		};
		F67EF0081455164B000355B5 /* splash */ = {
			isa = PBXGroup;
			children = (
				F67EF0091455164B000355B5 /* Default.png */,
				F67EF00B1455164B000355B5 /* Default@2x.png */,
			);
			name = splash;
			sourceTree = "<group>";
		};
		F67EF0111455164C000355B5 /* Classes */ = {
			isa = PBXGroup;
			children = (
				F67EF0121455164C000355B5 /* AppDelegate.h */,
				F67EF0131455164C000355B5 /* AppDelegate.m */,
			);
			name = Classes;
			sourceTree = "<group>";
		};
		F67EF0151455164C000355B5 /* Plugins */ = {
			isa = PBXGroup;
			children = (
				F62C121C14551DB200749EDA /* HesperianMobile.h */,
				F62C121D14551DB200749EDA /* HesperianMobile.m */,
				F67EF0161455164C000355B5 /* README */,
			);
			name = Plugins;
			sourceTree = "<group>";
		};
/* End PBXGroup section */

/* Begin PBXNativeTarget section */
		F67EEFCE1455164B000355B5 /* Safe-Pregnancy-and-Birth */ = {
			isa = PBXNativeTarget;
			buildConfigurationList = F67EF0191455164C000355B5 /* Build configuration list for PBXNativeTarget "Safe-Pregnancy-and-Birth" */;
			buildPhases = (
				F65096CC145A70C3006ED1FD /* ShellScript */,
				F67EEFC81455164B000355B5 /* Sources */,
				F67EEFC91455164B000355B5 /* Frameworks */,
				F67EEFCA1455164B000355B5 /* Resources */,
				F67EEFCB1455164B000355B5 /* Sources */,
				F67EEFCC1455164B000355B5 /* Frameworks */,
				F67EEFCD1455164B000355B5 /* ShellScript */,
			);
			buildRules = (
			);
			dependencies = (
			);
			name = "Safe-Pregnancy-and-Birth";
			productName = "Safe-Pregnancy-and-Birth";
			productReference = F67EEFCF1455164B000355B5 /* Safe-Pregnancy-and-Birth.app */;
			productType = "com.apple.product-type.application";
		};
/* End PBXNativeTarget section */

/* Begin PBXProject section */
		F67EEFC31455164B000355B5 /* Project object */ = {
			isa = PBXProject;
			attributes = {
				LastUpgradeCheck = 0420;
				ORGANIZATIONNAME = Hesperian;
			};
			buildConfigurationList = F67EEFC61455164B000355B5 /* Build configuration list for PBXProject "Safe-Pregnancy-and-Birth" */;
			compatibilityVersion = "Xcode 3.2";
			developmentRegion = English;
			hasScannedForEncodings = 0;
			knownRegions = (
				en,
				es,
			);
			mainGroup = F67EEFC11455164B000355B5;
			productRefGroup = F67EEFD01455164B000355B5 /* Products */;
			projectDirPath = "";
			projectRoot = "";
			targets = (
				F67EEFCE1455164B000355B5 /* Safe-Pregnancy-and-Birth */,
			);
		};
/* End PBXProject section */

/* Begin PBXResourcesBuildPhase section */
		F67EEFCA1455164B000355B5 /* Resources */ = {
			isa = PBXResourcesBuildPhase;
			buildActionMask = 2147483647;
			files = (
				F67EEFF21455164B000355B5 /* InfoPlist.strings in Resources */,
				F67EEFFC1455164B000355B5 /* Localizable.strings in Resources */,
				F67EF0001455164B000355B5 /* Localizable.strings in Resources */,
				F67EF0031455164B000355B5 /* icon.png in Resources */,
				F67EF0051455164B000355B5 /* icon@2x.png in Resources */,
				F67EF0071455164B000355B5 /* icon-72.png in Resources */,
				F67EF00A1455164B000355B5 /* Default.png in Resources */,
				F67EF00C1455164B000355B5 /* Default@2x.png in Resources */,
				F67EF00E1455164C000355B5 /* Capture.bundle in Resources */,
				F67EF0101455164C000355B5 /* PhoneGap.plist in Resources */,
				F62C122014551F0200749EDA /* www in Resources */,
			);
			runOnlyForDeploymentPostprocessing = 0;
		};
/* End PBXResourcesBuildPhase section */

/* Begin PBXShellScriptBuildPhase section */
		F65096CC145A70C3006ED1FD /* ShellScript */ = {
			isa = PBXShellScriptBuildPhase;
			buildActionMask = 2147483647;
			files = (
			);
			inputPaths = (
			);
			outputPaths = (
			);
			runOnlyForDeploymentPostprocessing = 0;
			shellPath = /bin/sh;
			shellScript = "(cd ../../; make phonegap)";
		};
		F67EEFCD1455164B000355B5 /* ShellScript */ = {
			isa = PBXShellScriptBuildPhase;
			buildActionMask = 2147483647;
			files = (
			);
			inputPaths = (
			);
			outputPaths = (
			);
			runOnlyForDeploymentPostprocessing = 0;
			shellPath = /bin/bash;
			shellScript = "\n\t\t\t\t\t\t\t\tif [ ! -d \"$PROJECT_DIR/www\" ] ; then\n\t\t\t\t\t\t\t\t\tcp -R /Users/Shared/PhoneGap/Frameworks/PhoneGap.framework/www \"$PROJECT_DIR\"\n\t\t\t\t\t\t\t\tfi\n\t\t\t\t\t\t\t\t# detect www folder reference in project, if missing, print warning\n\t\t\t\t\t\t\t\tgrep \"{isa = PBXFileReference; lastKnownFileType = folder; path = www; sourceTree = \\\"<group>\\\"; };\" \"$PROJECT_DIR/$PROJECT_NAME.xcodeproj/project.pbxproj\"\n\t\t\t\t\t\t\t\trc=$? \n\t\t\t\t\t\t\t\tif [ $rc != 0 ] ; then\n\t\t\t\t\t\t\t\techo -e \"warning: Missing - Add $PROJECT_DIR/www as a folder reference in your project. Just drag and drop the folder into your project, into the Project Navigator of Xcode 4. Make sure you select the second radio-button: 'Create folder references for any added folders' (which will create a blue folder)\" 1>&2\n\t\t\t\t\t\t\t\tfi\t\t\t\t\t\t\t";
		};
/* End PBXShellScriptBuildPhase section */

/* Begin PBXSourcesBuildPhase section */
		F67EEFC81455164B000355B5 /* Sources */ = {
			isa = PBXSourcesBuildPhase;
			buildActionMask = 2147483647;
			files = (
				F67EEFF41455164B000355B5 /* main.m in Sources */,
				F67EF0141455164C000355B5 /* AppDelegate.m in Sources */,
				F62C121E14551DB200749EDA /* HesperianMobile.m in Sources */,
			);
			runOnlyForDeploymentPostprocessing = 0;
		};
		F67EEFCB1455164B000355B5 /* Sources */ = {
			isa = PBXSourcesBuildPhase;
			buildActionMask = 2147483647;
			files = (
			);
			runOnlyForDeploymentPostprocessing = 0;
		};
/* End PBXSourcesBuildPhase section */

/* Begin PBXVariantGroup section */
		F67EEFF01455164B000355B5 /* InfoPlist.strings */ = {
			isa = PBXVariantGroup;
			children = (
				F67EEFF11455164B000355B5 /* en */,
			);
			name = InfoPlist.strings;
			sourceTree = "<group>";
		};
		F67EEFFA1455164B000355B5 /* Localizable.strings */ = {
			isa = PBXVariantGroup;
			children = (
				F67EEFFB1455164B000355B5 /* en */,
			);
			name = Localizable.strings;
			sourceTree = "<group>";
		};
		F67EEFFE1455164B000355B5 /* Localizable.strings */ = {
			isa = PBXVariantGroup;
			children = (
				F67EEFFF1455164B000355B5 /* es */,
			);
			name = Localizable.strings;
			sourceTree = "<group>";
		};
/* End PBXVariantGroup section */

/* Begin XCBuildConfiguration section */
		F6493C0014C72C7000DD0F7D /* AppStore */ = {
			isa = XCBuildConfiguration;
			buildSettings = {
				ALWAYS_SEARCH_USER_PATHS = NO;
				ARCHS = (
					armv6,
					armv7,
				);
				CODE_SIGN_IDENTITY = "iPhone Distribution: The Hesperian Foundation";
				COPY_PHASE_STRIP = YES;
				GCC_C_LANGUAGE_STANDARD = gnu99;
				GCC_VERSION = com.apple.compilers.llvmgcc42;
				GCC_WARN_ABOUT_MISSING_PROTOTYPES = YES;
				GCC_WARN_ABOUT_RETURN_TYPE = YES;
				GCC_WARN_UNUSED_VARIABLE = YES;
				IPHONEOS_DEPLOYMENT_TARGET = 3.0;
				PROVISIONING_PROFILE = "0019E1D3-4856-40DC-B10B-01B5C0C78AB8";
				SDKROOT = iphoneos;
				VALIDATE_PRODUCT = YES;
			};
			name = AppStore;
		};
		F6493C0114C72C7000DD0F7D /* AppStore */ = {
			isa = XCBuildConfiguration;
			buildSettings = {
				ALWAYS_SEARCH_USER_PATHS = YES;
				ARCHS = (
					armv6,
					armv7,
				);
				CODE_SIGN_IDENTITY = "iPhone Distribution: The Hesperian Foundation";
				COPY_PHASE_STRIP = YES;
				DEBUG_INFORMATION_FORMAT = "dwarf-with-dsym";
				FRAMEWORK_SEARCH_PATHS = /Users/Shared/PhoneGap/Frameworks;
				GCC_PRECOMPILE_PREFIX_HEADER = YES;
				GCC_PREFIX_HEADER = "Safe-Pregnancy-and-Birth/Safe-Pregnancy-and-Birth-Prefix.pch";
				GCC_PREPROCESSOR_DEFINITIONS = "PHONEGAP_FRAMEWORK=YES";
				GCC_VERSION = com.apple.compilers.llvm.clang.1_0;
				INFOPLIST_FILE = "Safe-Pregnancy-and-Birth/Safe-Pregnancy-and-Birth-Info.plist";
				IPHONEOS_DEPLOYMENT_TARGET = 4.3;
				OTHER_LDFLAGS = (
					"-weak_framework",
					UIKit,
					"-weak_framework",
					AVFoundation,
					"-weak_framework",
					CoreMedia,
					"-weak_library",
					/usr/lib/libSystem.B.dylib,
				);
				PRODUCT_NAME = "$(TARGET_NAME)";
				PROVISIONING_PROFILE = "5303FE3B-4CF4-4AC4-A450-E169ADFB99DD";
				TARGETED_DEVICE_FAMILY = 1;
				VALIDATE_PRODUCT = YES;
				WRAPPER_EXTENSION = app;
			};
			name = AppStore;
		};
		F67EF0171455164C000355B5 /* Debug */ = {
			isa = XCBuildConfiguration;
			buildSettings = {
				ALWAYS_SEARCH_USER_PATHS = NO;
				ARCHS = (
					armv6,
					armv7,
				);
				CODE_SIGN_IDENTITY = "iPhone Developer";
				COPY_PHASE_STRIP = NO;
				GCC_C_LANGUAGE_STANDARD = gnu99;
				GCC_DYNAMIC_NO_PIC = NO;
				GCC_OPTIMIZATION_LEVEL = 0;
				GCC_PREPROCESSOR_DEFINITIONS = (
					"DEBUG=1",
					"$(inherited)",
				);
				GCC_SYMBOLS_PRIVATE_EXTERN = NO;
				GCC_VERSION = com.apple.compilers.llvmgcc42;
				GCC_WARN_ABOUT_MISSING_PROTOTYPES = YES;
				GCC_WARN_ABOUT_RETURN_TYPE = YES;
				GCC_WARN_UNUSED_VARIABLE = YES;
				IPHONEOS_DEPLOYMENT_TARGET = 3.0;
				PROVISIONING_PROFILE = "";
				SDKROOT = iphoneos;
			};
			name = Debug;
		};
		F67EF0181455164C000355B5 /* Release */ = {
			isa = XCBuildConfiguration;
			buildSettings = {
				ALWAYS_SEARCH_USER_PATHS = NO;
				ARCHS = (
					armv6,
					armv7,
				);
				CODE_SIGN_IDENTITY = "iPhone Developer";
				COPY_PHASE_STRIP = YES;
				GCC_C_LANGUAGE_STANDARD = gnu99;
				GCC_VERSION = com.apple.compilers.llvmgcc42;
				GCC_WARN_ABOUT_MISSING_PROTOTYPES = YES;
				GCC_WARN_ABOUT_RETURN_TYPE = YES;
				GCC_WARN_UNUSED_VARIABLE = YES;
				IPHONEOS_DEPLOYMENT_TARGET = 3.0;
				PROVISIONING_PROFILE = "";
				SDKROOT = iphoneos;
				VALIDATE_PRODUCT = YES;
			};
			name = Release;
		};
		F67EF01A1455164C000355B5 /* Debug */ = {
			isa = XCBuildConfiguration;
			buildSettings = {
				ALWAYS_SEARCH_USER_PATHS = YES;
				ARCHS = (
					armv6,
					armv7,
				);
				COPY_PHASE_STRIP = YES;
				FRAMEWORK_SEARCH_PATHS = /Users/Shared/PhoneGap/Frameworks;
				GCC_DYNAMIC_NO_PIC = NO;
				GCC_PRECOMPILE_PREFIX_HEADER = YES;
				GCC_PREFIX_HEADER = "Safe-Pregnancy-and-Birth/Safe-Pregnancy-and-Birth-Prefix.pch";
				GCC_PREPROCESSOR_DEFINITIONS = "PHONEGAP_FRAMEWORK=YES";
				GCC_VERSION = com.apple.compilers.llvm.clang.1_0;
				INFOPLIST_FILE = "Safe-Pregnancy-and-Birth/Safe-Pregnancy-and-Birth-Info.plist";
				IPHONEOS_DEPLOYMENT_TARGET = 4.3;
				OTHER_LDFLAGS = (
					"-weak_framework",
					UIKit,
					"-weak_framework",
					AVFoundation,
					"-weak_framework",
					CoreMedia,
					"-weak_library",
					/usr/lib/libSystem.B.dylib,
				);
				PRODUCT_NAME = "$(TARGET_NAME)";
				TARGETED_DEVICE_FAMILY = 1;
				WRAPPER_EXTENSION = app;
			};
			name = Debug;
		};
		F67EF01B1455164C000355B5 /* Release */ = {
			isa = XCBuildConfiguration;
			buildSettings = {
				ALWAYS_SEARCH_USER_PATHS = YES;
				ARCHS = (
					armv6,
					armv7,
				);
				CODE_SIGN_IDENTITY = "iPhone Developer";
				COPY_PHASE_STRIP = YES;
				DEBUG_INFORMATION_FORMAT = "dwarf-with-dsym";
				FRAMEWORK_SEARCH_PATHS = /Users/Shared/PhoneGap/Frameworks;
				GCC_PRECOMPILE_PREFIX_HEADER = YES;
				GCC_PREFIX_HEADER = "Safe-Pregnancy-and-Birth/Safe-Pregnancy-and-Birth-Prefix.pch";
				GCC_PREPROCESSOR_DEFINITIONS = "PHONEGAP_FRAMEWORK=YES";
				GCC_VERSION = com.apple.compilers.llvm.clang.1_0;
				INFOPLIST_FILE = "Safe-Pregnancy-and-Birth/Safe-Pregnancy-and-Birth-Info.plist";
				IPHONEOS_DEPLOYMENT_TARGET = 4.3;
				OTHER_LDFLAGS = (
					"-weak_framework",
					UIKit,
					"-weak_framework",
					AVFoundation,
					"-weak_framework",
					CoreMedia,
					"-weak_library",
					/usr/lib/libSystem.B.dylib,
				);
				PRODUCT_NAME = "$(TARGET_NAME)";
				PROVISIONING_PROFILE = "";
				TARGETED_DEVICE_FAMILY = 1;
				VALIDATE_PRODUCT = YES;
				WRAPPER_EXTENSION = app;
			};
			name = Release;
		};
		F6C97E96148F32C200578979 /* Ad Hoc */ = {
			isa = XCBuildConfiguration;
			buildSettings = {
				ALWAYS_SEARCH_USER_PATHS = NO;
				ARCHS = (
					armv6,
					armv7,
				);
				CODE_SIGN_IDENTITY = "iPhone Distribution: The Hesperian Foundation";
				COPY_PHASE_STRIP = YES;
				GCC_C_LANGUAGE_STANDARD = gnu99;
				GCC_VERSION = com.apple.compilers.llvmgcc42;
				GCC_WARN_ABOUT_MISSING_PROTOTYPES = YES;
				GCC_WARN_ABOUT_RETURN_TYPE = YES;
				GCC_WARN_UNUSED_VARIABLE = YES;
				IPHONEOS_DEPLOYMENT_TARGET = 3.0;
				PROVISIONING_PROFILE = "C9A96C7D-FB3F-4CC0-A499-AA39D9D0353F";
				SDKROOT = iphoneos;
				VALIDATE_PRODUCT = YES;
			};
			name = "Ad Hoc";
		};
		F6C97E97148F32C200578979 /* Ad Hoc */ = {
			isa = XCBuildConfiguration;
			buildSettings = {
				ALWAYS_SEARCH_USER_PATHS = YES;
				ARCHS = (
					armv6,
					armv7,
				);
				CODE_SIGN_IDENTITY = "iPhone Distribution: The Hesperian Foundation";
				COPY_PHASE_STRIP = YES;
				DEBUG_INFORMATION_FORMAT = "dwarf-with-dsym";
				FRAMEWORK_SEARCH_PATHS = /Users/Shared/PhoneGap/Frameworks;
				GCC_PRECOMPILE_PREFIX_HEADER = YES;
				GCC_PREFIX_HEADER = "Safe-Pregnancy-and-Birth/Safe-Pregnancy-and-Birth-Prefix.pch";
				GCC_PREPROCESSOR_DEFINITIONS = "PHONEGAP_FRAMEWORK=YES";
				GCC_VERSION = com.apple.compilers.llvm.clang.1_0;
				INFOPLIST_FILE = "Safe-Pregnancy-and-Birth/Safe-Pregnancy-and-Birth-Info.plist";
				IPHONEOS_DEPLOYMENT_TARGET = 4.3;
				OTHER_LDFLAGS = (
					"-weak_framework",
					UIKit,
					"-weak_framework",
					AVFoundation,
					"-weak_framework",
					CoreMedia,
					"-weak_library",
					/usr/lib/libSystem.B.dylib,
				);
				PRODUCT_NAME = "$(TARGET_NAME)";
				PROVISIONING_PROFILE = "393E3C99-783F-475F-802F-AB4EEC600824";
				TARGETED_DEVICE_FAMILY = 1;
				VALIDATE_PRODUCT = YES;
				WRAPPER_EXTENSION = app;
			};
			name = "Ad Hoc";
		};
/* End XCBuildConfiguration section */

/* Begin XCConfigurationList section */
		F67EEFC61455164B000355B5 /* Build configuration list for PBXProject "Safe-Pregnancy-and-Birth" */ = {
			isa = XCConfigurationList;
			buildConfigurations = (
				F67EF0171455164C000355B5 /* Debug */,
				F67EF0181455164C000355B5 /* Release */,
				F6C97E96148F32C200578979 /* Ad Hoc */,
				F6493C0014C72C7000DD0F7D /* AppStore */,
			);
			defaultConfigurationIsVisible = 0;
			defaultConfigurationName = "Ad Hoc";
		};
		F67EF0191455164C000355B5 /* Build configuration list for PBXNativeTarget "Safe-Pregnancy-and-Birth" */ = {
			isa = XCConfigurationList;
			buildConfigurations = (
				F67EF01A1455164C000355B5 /* Debug */,
				F67EF01B1455164C000355B5 /* Release */,
				F6C97E97148F32C200578979 /* Ad Hoc */,
				F6493C0114C72C7000DD0F7D /* AppStore */,
			);
			defaultConfigurationIsVisible = 0;
			defaultConfigurationName = "Ad Hoc";
		};
/* End XCConfigurationList section */
	};
	rootObject = F67EEFC31455164B000355B5 /* Project object */;
}
